
Microsoft Visual Studio Solution File, Format Version 12.00
# Visual Studio Version 16
VisualStudioVersion = 16.0.29905.134
MinimumVisualStudioVersion = 10.0.40219.1
Project("{9A19103F-16F7-4668-BE54-9A1E7A4F7556}") = "Beef.Demo.Api", "Beef.Demo.Api\Beef.Demo.Api.csproj", "{D3C9E608-3B5D-47C5-8415-095DF46350C2}"
EndProject
Project("{FAE04EC0-301F-11D3-BF4B-00C04F79EFBC}") = "Beef.Demo.CodeGen", "Beef.Demo.CodeGen\Beef.Demo.CodeGen.csproj", "{38BAA809-57F9-43AF-829D-5FE6F00A00DD}"
EndProject
Global
	GlobalSection(SolutionConfigurationPlatforms) = preSolution
		Debug|Any CPU = Debug|Any CPU
		Release|Any CPU = Release|Any CPU
	EndGlobalSection
	GlobalSection(ProjectConfigurationPlatforms) = postSolution
		{D3C9E608-3B5D-47C5-8415-095DF46350C2}.Debug|Any CPU.ActiveCfg = Debug|Any CPU
		{D3C9E608-3B5D-47C5-8415-095DF46350C2}.Debug|Any CPU.Build.0 = Debug|Any CPU
		{D3C9E608-3B5D-47C5-8415-095DF46350C2}.Release|Any CPU.ActiveCfg = Release|Any CPU
		{D3C9E608-3B5D-47C5-8415-095DF46350C2}.Release|Any CPU.Build.0 = Release|Any CPU
		{38BAA809-57F9-43AF-829D-5FE6F00A00DD}.Debug|Any CPU.ActiveCfg = Debug|Any CPU
		{38BAA809-57F9-43AF-829D-5FE6F00A00DD}.Debug|Any CPU.Build.0 = Debug|Any CPU
		{38BAA809-57F9-43AF-829D-5FE6F00A00DD}.Release|Any CPU.ActiveCfg = Release|Any CPU
		{38BAA809-57F9-43AF-829D-5FE6F00A00DD}.Release|Any CPU.Build.0 = Release|Any CPU
	EndGlobalSection
	GlobalSection(SolutionProperties) = preSolution
		HideSolutionNode = FALSE
	EndGlobalSection
	GlobalSection(ExtensibilityGlobals) = postSolution
		SolutionGuid = {0E25A4DA-EFB0-414E-A20D-0B57515FC317}
	EndGlobalSection
EndGlobal
